Microsoft Visual Studio Solution File, Format Version 12.00
# Visual Studio Version 17
VisualStudioVersion = 17.5.2.0
MinimumVisualStudioVersion = 10.0.40219.1
Project("{FAE04EC0-301F-11D3-BF4B-00C04F79EFBC}") = "Exam_8", "Exam_8\Exam_8.csproj", "{62998881-3370-C8B2-5A50-AC120B8FD8C6}"
EndProject
Global
	GlobalSection(SolutionConfigurationPlatforms) = preSolution
		Debug|Any CPU = Debug|Any CPU
		Release|Any CPU = Release|Any CPU
	EndGlobalSection
	GlobalSection(ProjectConfigurationPlatforms) = postSolution
		{62998881-3370-C8B2-5A50-AC120B8FD8C6}.Debug|Any CPU.ActiveCfg = Debug|Any CPU
		{62998881-3370-C8B2-5A50-AC120B8FD8C6}.Debug|Any CPU.Build.0 = Debug|Any CPU
		{62998881-3370-C8B2-5A50-AC120B8FD8C6}.Release|Any CPU.ActiveCfg = Release|Any CPU
		{62998881-3370-C8B2-5A50-AC120B8FD8C6}.Release|Any CPU.Build.0 = Release|Any CPU
	EndGlobalSection
	GlobalSection(SolutionProperties) = preSolution
		HideSolutionNode = FALSE
	EndGlobalSection
	GlobalSection(ExtensibilityGlobals) = postSolution
		SolutionGuid = {A9258371-506E-40CD-AEDF-DD6C735734BF}
	EndGlobalSection
EndGlobal
